// !$*UTF8*$!
{
	archiveVersion = 1;
	classes = {
	};
	objectVersion = 77;
	objects = {

/* Begin PBXBuildFile section */
		59B62DD32F6B5E400058AC86 /* explode.caf in Resources */ = {isa = PBXBuildFile; fileRef = 59B62DCE2F6B5E400058AC86 /* explode.caf */; };
		59B62DD42F6B5E400058AC86 /* fire.caf in Resources */ = {isa = PBXBuildFile; fileRef = 59B62DCF2F6B5E400058AC86 /* fire.caf */; };
		59B62DD52F6B5E400058AC86 /* shield_off.caf in Resources */ = {isa = PBXBuildFile; fileRef = 59B62DD02F6B5E400058AC86 /* shield_off.caf */; };
		59B62DD62F6B5E400058AC86 /* shield_on.caf in Resources */ = {isa = PBXBuildFile; fileRef = 59B62DD12F6B5E400058AC86 /* shield_on.caf */; };
		59B62DD72F6B5E400058AC86 /* thrust.caf in Resources */ = {isa = PBXBuildFile; fileRef = 59B62DD22F6B5E400058AC86 /* thrust.caf */; };
		59B62DE72F6C36D10058AC86 /* bg_heartbeat.caf in Resources */ = {isa = PBXBuildFile; fileRef = 59B62DE62F6C36D10058AC86 /* bg_heartbeat.caf */; };
/* End PBXBuildFile section */

/* Begin PBXContainerItemProxy section */
		59F547FC2F69E8FC004EF527 /* PBXContainerItemProxy */ = {
			isa = PBXContainerItemProxy;
			containerPortal = 59F547DD2F69E8FB004EF527 /* Project object */;
			proxyType = 1;
			remoteGlobalIDString = 59F547E42F69E8FB004EF527;
			remoteInfo = SpaceRocks;
		};
		59F548062F69E8FC004EF527 /* PBXContainerItemProxy */ = {
			isa = PBXContainerItemProxy;
			containerPortal = 59F547DD2F69E8FB004EF527 /* Project object */;
			proxyType = 1;
			remoteGlobalIDString = 59F547E42F69E8FB004EF527;
			remoteInfo = SpaceRocks;
		};
/* End PBXContainerItemProxy section */

/* Begin PBXFileReference section */
		59B62DCE2F6B5E400058AC86 /* explode.caf */ = {isa = PBXFileReference; lastKnownFileType = file; path = explode.caf; sourceTree = "<group>"; };
		59B62DCF2F6B5E400058AC86 /* fire.caf */ = {isa = PBXFileReference; lastKnownFileType = file; path = fire.caf; sourceTree = "<group>"; };
		59B62DD02F6B5E400058AC86 /* shield_off.caf */ = {isa = PBXFileReference; lastKnownFileType = file; path = shield_off.caf; sourceTree = "<group>"; };
		59B62DD12F6B5E400058AC86 /* shield_on.caf */ = {isa = PBXFileReference; lastKnownFileType = file; path = shield_on.caf; sourceTree = "<group>"; };
		59B62DD22F6B5E400058AC86 /* thrust.caf */ = {isa = PBXFileReference; lastKnownFileType = file; path = thrust.caf; sourceTree = "<group>"; };
		59B62DE62F6C36D10058AC86 /* bg_heartbeat.caf */ = {isa = PBXFileReference; lastKnownFileType = file; path = bg_heartbeat.caf; sourceTree = "<group>"; };
		59F547E52F69E8FB004EF527 /* SpaceRocks.app */ = {isa = PBXFileReference; explicitFileType = wrapper.application; includeInIndex = 0; path = SpaceRocks.app; sourceTree = BUILT_PRODUCTS_DIR; };
		59F547FB2F69E8FC004EF527 /* SpaceRocksTests.xctest */ = {isa = PBXFileReference; explicitFileType = wrapper.cfbundle; includeInIndex = 0; path = SpaceRocksTests.xctest; sourceTree = BUILT_PRODUCTS_DIR; };
		59F548052F69E8FC004EF527 /* SpaceRocksUITests.xctest */ = {isa = PBXFileReference; explicitFileType = wrapper.cfbundle; includeInIndex = 0; path = SpaceRocksUITests.xctest; sourceTree = BUILT_PRODUCTS_DIR; };
/* End PBXFileReference section */

/* Begin PBXFileSystemSynchronizedRootGroup section */
		59F547E72F69E8FB004EF527 /* SpaceRocks */ = {
			isa = PBXFileSystemSynchronizedRootGroup;
			path = SpaceRocks;
			sourceTree = "<group>";
		};
		59F547FE2F69E8FC004EF527 /* SpaceRocksTests */ = {
			isa = PBXFileSystemSynchronizedRootGroup;
			path = SpaceRocksTests;
			sourceTree = "<group>";
		};
		59F548082F69E8FC004EF527 /* SpaceRocksUITests */ = {
			isa = PBXFileSystemSynchronizedRootGroup;
			path = SpaceRocksUITests;
			sourceTree = "<group>";
		};
/* End PBXFileSystemSynchronizedRootGroup section */

/* Begin PBXFrameworksBuildPhase section */
		59F547E22F69E8FB004EF527 /* Frameworks */ = {
			isa = PBXFrameworksBuildPhase;
			buildActionMask = 2147483647;
			files = (
			);
			runOnlyForDeploymentPostprocessing = 0;
		};
		59F547F82F69E8FC004EF527 /* Frameworks */ = {
			isa = PBXFrameworksBuildPhase;
			buildActionMask = 2147483647;
			files = (
			);
			runOnlyForDeploymentPostprocessing = 0;
		};
		59F548022F69E8FC004EF527 /* Frameworks */ = {
			isa = PBXFrameworksBuildPhase;
			buildActionMask = 2147483647;
			files = (
			);
			runOnlyForDeploymentPostprocessing = 0;
		};
/* End PBXFrameworksBuildPhase section */

/* Begin PBXGroup section */
		59B62DBF2F6B5ABA0058AC86 /* Sounds */ = {
			isa = PBXGroup;
			children = (
				59B62DE62F6C36D10058AC86 /* bg_heartbeat.caf */,
				59B62DCE2F6B5E400058AC86 /* explode.caf */,
				59B62DCF2F6B5E400058AC86 /* fire.caf */,
				59B62DD02F6B5E400058AC86 /* shield_off.caf */,
				59B62DD12F6B5E400058AC86 /* shield_on.caf */,
				59B62DD22F6B5E400058AC86 /* thrust.caf */,
			);
			path = Sounds;
			sourceTree = "<group>";
		};
		59F547DC2F69E8FB004EF527 = {
			isa = PBXGroup;
			children = (
				59B62DBF2F6B5ABA0058AC86 /* Sounds */,
				59F547E72F69E8FB004EF527 /* SpaceRocks */,
				59F547FE2F69E8FC004EF527 /* SpaceRocksTests */,
				59F548082F69E8FC004EF527 /* SpaceRocksUITests */,
				59F547E62F69E8FB004EF527 /* Products */,
			);
			sourceTree = "<group>";
		};
		59F547E62F69E8FB004EF527 /* Products */ = {
			isa = PBXGroup;
			children = (
				59F547E52F69E8FB004EF527 /* SpaceRocks.app */,
				59F547FB2F69E8FC004EF527 /* SpaceRocksTests.xctest */,
				59F548052F69E8FC004EF527 /* SpaceRocksUITests.xctest */,
			);
			name = Products;
			sourceTree = "<group>";
		};
/* End PBXGroup section */

/* Begin PBXNativeTarget section */
		59F547E42F69E8FB004EF527 /* SpaceRocks */ = {
			isa = PBXNativeTarget;
			buildConfigurationList = 59F5480F2F69E8FC004EF527 /* Build configuration list for PBXNativeTarget "SpaceRocks" */;
			buildPhases = (
				59F547E12F69E8FB004EF527 /* Sources */,
				59F547E22F69E8FB004EF527 /* Frameworks */,
				59F547E32F69E8FB004EF527 /* Resources */,
			);
			buildRules = (
			);
			dependencies = (
			);
			fileSystemSynchronizedGroups = (
				59F547E72F69E8FB004EF527 /* SpaceRocks */,
			);
			name = SpaceRocks;
			packageProductDependencies = (
			);
			productName = SpaceRocks;
			productReference = 59F547E52F69E8FB004EF527 /* SpaceRocks.app */;
			productType = "com.apple.product-type.application";
		};
		59F547FA2F69E8FC004EF527 /* SpaceRocksTests */ = {
			isa = PBXNativeTarget;
			buildConfigurationList = 59F548122F69E8FC004EF527 /* Build configuration list for PBXNativeTarget "SpaceRocksTests" */;
			buildPhases = (
				59F547F72F69E8FC004EF527 /* Sources */,
				59F547F82F69E8FC004EF527 /* Frameworks */,
				59F547F92F69E8FC004EF527 /* Resources */,
			);
			buildRules = (
			);
			dependencies = (
				59F547FD2F69E8FC004EF527 /* PBXTargetDependency */,
			);
			fileSystemSynchronizedGroups = (
				59F547FE2F69E8FC004EF527 /* SpaceRocksTests */,
			);
			name = SpaceRocksTests;
			packageProductDependencies = (
			);
			productName = SpaceRocksTests;
			productReference = 59F547FB2F69E8FC004EF527 /* SpaceRocksTests.xctest */;
			productType = "com.apple.product-type.bundle.unit-test";
		};
		59F548042F69E8FC004EF527 /* SpaceRocksUITests */ = {
			isa = PBXNativeTarget;
			buildConfigurationList = 59F548152F69E8FC004EF527 /* Build configuration list for PBXNativeTarget "SpaceRocksUITests" */;
			buildPhases = (
				59F548012F69E8FC004EF527 /* Sources */,
				59F548022F69E8FC004EF527 /* Frameworks */,
				59F548032F69E8FC004EF527 /* Resources */,
			);
			buildRules = (
			);
			dependencies = (
				59F548072F69E8FC004EF527 /* PBXTargetDependency */,
			);
			fileSystemSynchronizedGroups = (
				59F548082F69E8FC004EF527 /* SpaceRocksUITests */,
			);
			name = SpaceRocksUITests;
			packageProductDependencies = (
			);
			productName = SpaceRocksUITests;
			productReference = 59F548052F69E8FC004EF527 /* SpaceRocksUITests.xctest */;
			productType = "com.apple.product-type.bundle.ui-testing";
		};
/* End PBXNativeTarget section */

/* Begin PBXProject section */
		59F547DD2F69E8FB004EF527 /* Project object */ = {
			isa = PBXProject;
			attributes = {
				BuildIndependentTargetsInParallel = 1;
				LastSwiftUpdateCheck = 2630;
				LastUpgradeCheck = 2630;
				TargetAttributes = {
					59F547E42F69E8FB004EF527 = {
						CreatedOnToolsVersion = 26.3;
					};
					59F547FA2F69E8FC004EF527 = {
						CreatedOnToolsVersion = 26.3;
						TestTargetID = 59F547E42F69E8FB004EF527;
					};
					59F548042F69E8FC004EF527 = {
						CreatedOnToolsVersion = 26.3;
						TestTargetID = 59F547E42F69E8FB004EF527;
					};
				};
			};
			buildConfigurationList = 59F547E02F69E8FB004EF527 /* Build configuration list for PBXProject "SpaceRocks" */;
			developmentRegion = en;
			hasScannedForEncodings = 0;
			knownRegions = (
				en,
				Base,
			);
			mainGroup = 59F547DC2F69E8FB004EF527;
			minimizedProjectReferenceProxies = 1;
			preferredProjectObjectVersion = 77;
			productRefGroup = 59F547E62F69E8FB004EF527 /* Products */;
			projectDirPath = "";
			projectRoot = "";
			targets = (
				59F547E42F69E8FB004EF527 /* SpaceRocks */,
				59F547FA2F69E8FC004EF527 /* SpaceRocksTests */,
				59F548042F69E8FC004EF527 /* SpaceRocksUITests */,
			);
		};
/* End PBXProject section */

/* Begin PBXResourcesBuildPhase section */
		59F547E32F69E8FB004EF527 /* Resources */ = {
			isa = PBXResourcesBuildPhase;
			buildActionMask = 2147483647;
			files = (
				59B62DD32F6B5E400058AC86 /* explode.caf in Resources */,
				59B62DE72F6C36D10058AC86 /* bg_heartbeat.caf in Resources */,
				59B62DD42F6B5E400058AC86 /* fire.caf in Resources */,
				59B62DD52F6B5E400058AC86 /* shield_off.caf in Resources */,
				59B62DD62F6B5E400058AC86 /* shield_on.caf in Resources */,
				59B62DD72F6B5E400058AC86 /* thrust.caf in Resources */,
			);
			runOnlyForDeploymentPostprocessing = 0;
		};
		59F547F92F69E8FC004EF527 /* Resources */ = {
			isa = PBXResourcesBuildPhase;
			buildActionMask = 2147483647;
			files = (
			);
			runOnlyForDeploymentPostprocessing = 0;
		};
		59F548032F69E8FC004EF527 /* Resources */ = {
			isa = PBXResourcesBuildPhase;
			buildActionMask = 2147483647;
			files = (
			);
			runOnlyForDeploymentPostprocessing = 0;
		};
/* End PBXResourcesBuildPhase section */

/* Begin PBXSourcesBuildPhase section */
		59F547E12F69E8FB004EF527 /* Sources */ = {
			isa = PBXSourcesBuildPhase;
			buildActionMask = 2147483647;
			files = (
			);
			runOnlyForDeploymentPostprocessing = 0;
		};
		59F547F72F69E8FC004EF527 /* Sources */ = {
			isa = PBXSourcesBuildPhase;
			buildActionMask = 2147483647;
			files = (
			);
			runOnlyForDeploymentPostprocessing = 0;
		};
		59F548012F69E8FC004EF527 /* Sources */ = {
			isa = PBXSourcesBuildPhase;
			buildActionMask = 2147483647;
			files = (
			);
			runOnlyForDeploymentPostprocessing = 0;
		};
/* End PBXSourcesBuildPhase section */

/* Begin PBXTargetDependency section */
		59F547FD2F69E8FC004EF527 /* PBXTargetDependency */ = {
			isa = PBXTargetDependency;
			target = 59F547E42F69E8FB004EF527 /* SpaceRocks */;
			targetProxy = 59F547FC2F69E8FC004EF527 /* PBXContainerItemProxy */;
		};
		59F548072F69E8FC004EF527 /* PBXTargetDependency */ = {
			isa = PBXTargetDependency;
			target = 59F547E42F69E8FB004EF527 /* SpaceRocks */;
			targetProxy = 59F548062F69E8FC004EF527 /* PBXContainerItemProxy */;
		};
/* End PBXTargetDependency section */

/* Begin XCBuildConfiguration section */
		59F5480D2F69E8FC004EF527 /* Debug */ = {
			isa = XCBuildConfiguration;
			buildSettings = {
				ALWAYS_SEARCH_USER_PATHS = NO;
				ASSETCATALOG_COMPILER_GENERATE_SWIFT_ASSET_SYMBOL_EXTENSIONS = YES;
				CLANG_ANALYZER_NONNULL = YES;
				CLANG_ANALYZER_NUMBER_OBJECT_CONVERSION = YES_AGGRESSIVE;
				CLANG_CXX_LANGUAGE_STANDARD = "gnu++20";
				CLANG_ENABLE_MODULES = YES;
				CLANG_ENABLE_OBJC_ARC = YES;
				CLANG_ENABLE_OBJC_WEAK = YES;
				CLANG_WARN_BLOCK_CAPTURE_AUTORELEASING = YES;
				CLANG_WARN_BOOL_CONVERSION = YES;
				CLANG_WARN_COMMA = YES;
				CLANG_WARN_CONSTANT_CONVERSION = YES;
				CLANG_WARN_DEPRECATED_OBJC_IMPLEMENTATIONS = YES;
				CLANG_WARN_DIRECT_OBJC_ISA_USAGE = YES_ERROR;
				CLANG_WARN_DOCUMENTATION_COMMENTS = YES;
				CLANG_WARN_EMPTY_BODY = YES;
				CLANG_WARN_ENUM_CONVERSION = YES;
				CLANG_WARN_INFINITE_RECURSION = YES;
				CLANG_WARN_INT_CONVERSION = YES;
				CLANG_WARN_NON_LITERAL_NULL_CONVERSION = YES;
				CLANG_WARN_OBJC_IMPLICIT_RETAIN_SELF = YES;
				CLANG_WARN_OBJC_LITERAL_CONVERSION = YES;
				CLANG_WARN_OBJC_ROOT_CLASS = YES_ERROR;
				CLANG_WARN_QUOTED_INCLUDE_IN_FRAMEWORK_HEADER = YES;
				CLANG_WARN_RANGE_LOOP_ANALYSIS = YES;
				CLANG_WARN_STRICT_PROTOTYPES = YES;
				CLANG_WARN_SUSPICIOUS_MOVE = YES;
				CLANG_WARN_UNGUARDED_AVAILABILITY = YES_AGGRESSIVE;
				CLANG_WARN_UNREACHABLE_CODE = YES;
				CLANG_WARN__DUPLICATE_METHOD_MATCH = YES;
				COPY_PHASE_STRIP = NO;
				DEBUG_INFORMATION_FORMAT = dwarf;
				ENABLE_STRICT_OBJC_MSGSEND = YES;
				ENABLE_TESTABILITY = YES;
				ENABLE_USER_SCRIPT_SANDBOXING = YES;
				GCC_C_LANGUAGE_STANDARD = gnu17;
				GCC_DYNAMIC_NO_PIC = NO;
				GCC_NO_COMMON_BLOCKS = YES;
				GCC_OPTIMIZATION_LEVEL = 0;
				GCC_PREPROCESSOR_DEFINITIONS = (
					"DEBUG=1",
					"$(inherited)",
				);
				GCC_WARN_64_TO_32_BIT_CONVERSION = YES;
				GCC_WARN_ABOUT_RETURN_TYPE = YES_ERROR;
				GCC_WARN_UNDECLARED_SELECTOR = YES;
				GCC_WARN_UNINITIALIZED_AUTOS = YES_AGGRESSIVE;
				GCC_WARN_UNUSED_FUNCTION = YES;
				GCC_WARN_UNUSED_VARIABLE = YES;
				LOCALIZATION_PREFERS_STRING_CATALOGS = YES;
				MACOSX_DEPLOYMENT_TARGET = 26.2;
				MTL_ENABLE_DEBUG_INFO = INCLUDE_SOURCE;
				MTL_FAST_MATH = YES;
				ONLY_ACTIVE_ARCH = YES;
				SDKROOT = macosx;
				SWIFT_ACTIVE_COMPILATION_CONDITIONS = "DEBUG $(inherited)";
				SWIFT_OPTIMIZATION_LEVEL = "-Onone";
			};
			name = Debug;
		};
		59F5480E2F69E8FC004EF527 /* Release */ = {
			isa = XCBuildConfiguration;
			buildSettings = {
				ALWAYS_SEARCH_USER_PATHS = NO;
				ASSETCATALOG_COMPILER_GENERATE_SWIFT_ASSET_SYMBOL_EXTENSIONS = YES;
				CLANG_ANALYZER_NONNULL = YES;
				CLANG_ANALYZER_NUMBER_OBJECT_CONVERSION = YES_AGGRESSIVE;
				CLANG_CXX_LANGUAGE_STANDARD = "gnu++20";
				CLANG_ENABLE_MODULES = YES;
				CLANG_ENABLE_OBJC_ARC = YES;
				CLANG_ENABLE_OBJC_WEAK = YES;
				CLANG_WARN_BLOCK_CAPTURE_AUTORELEASING = YES;
				CLANG_WARN_BOOL_CONVERSION = YES;
				CLANG_WARN_COMMA = YES;
				CLANG_WARN_CONSTANT_CONVERSION = YES;
				CLANG_WARN_DEPRECATED_OBJC_IMPLEMENTATIONS = YES;
				CLANG_WARN_DIRECT_OBJC_ISA_USAGE = YES_ERROR;
				CLANG_WARN_DOCUMENTATION_COMMENTS = YES;
				CLANG_WARN_EMPTY_BODY = YES;
				CLANG_WARN_ENUM_CONVERSION = YES;
				CLANG_WARN_INFINITE_RECURSION = YES;
				CLANG_WARN_INT_CONVERSION = YES;
				CLANG_WARN_NON_LITERAL_NULL_CONVERSION = YES;
				CLANG_WARN_OBJC_IMPLICIT_RETAIN_SELF = YES;
				CLANG_WARN_OBJC_LITERAL_CONVERSION = YES;
				CLANG_WARN_OBJC_ROOT_CLASS = YES_ERROR;
				CLANG_WARN_QUOTED_INCLUDE_IN_FRAMEWORK_HEADER = YES;
				CLANG_WARN_RANGE_LOOP_ANALYSIS = YES;
				CLANG_WARN_STRICT_PROTOTYPES = YES;
				CLANG_WARN_SUSPICIOUS_MOVE = YES;
				CLANG_WARN_UNGUARDED_AVAILABILITY = YES_AGGRESSIVE;
				CLANG_WARN_UNREACHABLE_CODE = YES;
				CLANG_WARN__DUPLICATE_METHOD_MATCH = YES;
				COPY_PHASE_STRIP = NO;
				DEBUG_INFORMATION_FORMAT = "dwarf-with-dsym";
				ENABLE_NS_ASSERTIONS = NO;
				ENABLE_STRICT_OBJC_MSGSEND = YES;
				ENABLE_USER_SCRIPT_SANDBOXING = YES;
				GCC_C_LANGUAGE_STANDARD = gnu17;
				GCC_NO_COMMON_BLOCKS = YES;
				GCC_WARN_64_TO_32_BIT_CONVERSION = YES;
				GCC_WARN_ABOUT_RETURN_TYPE = YES_ERROR;
				GCC_WARN_UNDECLARED_SELECTOR = YES;
				GCC_WARN_UNINITIALIZED_AUTOS = YES_AGGRESSIVE;
				GCC_WARN_UNUSED_FUNCTION = YES;
				GCC_WARN_UNUSED_VARIABLE = YES;
				LOCALIZATION_PREFERS_STRING_CATALOGS = YES;
				MACOSX_DEPLOYMENT_TARGET = 26.2;
				MTL_ENABLE_DEBUG_INFO = NO;
				MTL_FAST_MATH = YES;
				SDKROOT = macosx;
				SWIFT_COMPILATION_MODE = wholemodule;
			};
			name = Release;
		};
		59F548102F69E8FC004EF527 /* Debug */ = {
			isa = XCBuildConfiguration;
			buildSettings = {
				ASSETCATALOG_COMPILER_APPICON_NAME = AppIcon;
				ASSETCATALOG_COMPILER_GLOBAL_ACCENT_COLOR_NAME = AccentColor;
				"CODE_SIGN_IDENTITY[sdk=macosx*]" = "Apple Development";
				CODE_SIGN_STYLE = Automatic;
				COMBINE_HIDPI_IMAGES = YES;
				CURRENT_PROJECT_VERSION = 1;
				DEVELOPMENT_TEAM = 8AQ5R7HG79;
				ENABLE_APP_SANDBOX = YES;
				ENABLE_USER_SELECTED_FILES = readonly;
				GENERATE_INFOPLIST_FILE = YES;
				INFOPLIST_KEY_NSHumanReadableCopyright = "";
				INFOPLIST_KEY_NSMainStoryboardFile = Main;
				INFOPLIST_KEY_NSPrincipalClass = NSApplication;
				LD_RUNPATH_SEARCH_PATHS = (
					"$(inherited)",
					"@executable_path/../Frameworks",
				);
				MACOSX_DEPLOYMENT_TARGET = 26.2;
				MARKETING_VERSION = 1.0;
				PRODUCT_BUNDLE_IDENTIFIER = com.kdekorte.SpaceRocks;
				PRODUCT_NAME = "$(TARGET_NAME)";
				REGISTER_APP_GROUPS = YES;
				STRING_CATALOG_GENERATE_SYMBOLS = YES;
				SWIFT_APPROACHABLE_CONCURRENCY = YES;
				SWIFT_DEFAULT_ACTOR_ISOLATION = MainActor;
				SWIFT_EMIT_LOC_STRINGS = YES;
				SWIFT_UPCOMING_FEATURE_MEMBER_IMPORT_VISIBILITY = YES;
				SWIFT_VERSION = 5.0;
			};
			name = Debug;
		};
		59F548112F69E8FC004EF527 /* Release */ = {
			isa = XCBuildConfiguration;
			buildSettings = {
				ASSETCATALOG_COMPILER_APPICON_NAME = AppIcon;
				ASSETCATALOG_COMPILER_GLOBAL_ACCENT_COLOR_NAME = AccentColor;
				"CODE_SIGN_IDENTITY[sdk=macosx*]" = "Apple Development";
				CODE_SIGN_STYLE = Automatic;
				COMBINE_HIDPI_IMAGES = YES;
				CURRENT_PROJECT_VERSION = 1;
				DEVELOPMENT_TEAM = 8AQ5R7HG79;
				ENABLE_APP_SANDBOX = YES;
				ENABLE_USER_SELECTED_FILES = readonly;
				GENERATE_INFOPLIST_FILE = YES;
				INFOPLIST_KEY_NSHumanReadableCopyright = "";
				INFOPLIST_KEY_NSMainStoryboardFile = Main;
				INFOPLIST_KEY_NSPrincipalClass = NSApplication;
				LD_RUNPATH_SEARCH_PATHS = (
					"$(inherited)",
					"@executable_path/../Frameworks",
				);
				MACOSX_DEPLOYMENT_TARGET = 26.2;
				MARKETING_VERSION = 1.0;
				PRODUCT_BUNDLE_IDENTIFIER = com.kdekorte.SpaceRocks;
				PRODUCT_NAME = "$(TARGET_NAME)";
				REGISTER_APP_GROUPS = YES;
				STRING_CATALOG_GENERATE_SYMBOLS = YES;
				SWIFT_APPROACHABLE_CONCURRENCY = YES;
				SWIFT_DEFAULT_ACTOR_ISOLATION = MainActor;
				SWIFT_EMIT_LOC_STRINGS = YES;
				SWIFT_UPCOMING_FEATURE_MEMBER_IMPORT_VISIBILITY = YES;
				SWIFT_VERSION = 5.0;
			};
			name = Release;
		};
		59F548132F69E8FC004EF527 /* Debug */ = {
			isa = XCBuildConfiguration;
			buildSettings = {
				BUNDLE_LOADER = "$(TEST_HOST)";
				CODE_SIGN_STYLE = Automatic;
				CURRENT_PROJECT_VERSION = 1;
				GENERATE_INFOPLIST_FILE = YES;
				MACOSX_DEPLOYMENT_TARGET = 26.2;
				MARKETING_VERSION = 1.0;
				PRODUCT_BUNDLE_IDENTIFIER = com.kdekorte.SpaceRocksTests;
				PRODUCT_NAME = "$(TARGET_NAME)";
				STRING_CATALOG_GENERATE_SYMBOLS = NO;
				SWIFT_APPROACHABLE_CONCURRENCY = YES;
				SWIFT_EMIT_LOC_STRINGS = NO;
				SWIFT_UPCOMING_FEATURE_MEMBER_IMPORT_VISIBILITY = YES;
				SWIFT_VERSION = 5.0;
				TEST_HOST = "$(BUILT_PRODUCTS_DIR)/SpaceRocks.app/$(BUNDLE_EXECUTABLE_FOLDER_PATH)/SpaceRocks";
			};
			name = Debug;
		};
		59F548142F69E8FC004EF527 /* Release */ = {
			isa = XCBuildConfiguration;
			buildSettings = {
				BUNDLE_LOADER = "$(TEST_HOST)";
				CODE_SIGN_STYLE = Automatic;
				CURRENT_PROJECT_VERSION = 1;
				GENERATE_INFOPLIST_FILE = YES;
				MACOSX_DEPLOYMENT_TARGET = 26.2;
				MARKETING_VERSION = 1.0;
				PRODUCT_BUNDLE_IDENTIFIER = com.kdekorte.SpaceRocksTests;
				PRODUCT_NAME = "$(TARGET_NAME)";
				STRING_CATALOG_GENERATE_SYMBOLS = NO;
				SWIFT_APPROACHABLE_CONCURRENCY = YES;
				SWIFT_EMIT_LOC_STRINGS = NO;
				SWIFT_UPCOMING_FEATURE_MEMBER_IMPORT_VISIBILITY = YES;
				SWIFT_VERSION = 5.0;
				TEST_HOST = "$(BUILT_PRODUCTS_DIR)/SpaceRocks.app/$(BUNDLE_EXECUTABLE_FOLDER_PATH)/SpaceRocks";
			};
			name = Release;
		};
		59F548162F69E8FC004EF527 /* Debug */ = {
			isa = XCBuildConfiguration;
			buildSettings = {
				CODE_SIGN_STYLE = Automatic;
				CURRENT_PROJECT_VERSION = 1;
				GENERATE_INFOPLIST_FILE = YES;
				MARKETING_VERSION = 1.0;
				PRODUCT_BUNDLE_IDENTIFIER = com.kdekorte.SpaceRocksUITests;
				PRODUCT_NAME = "$(TARGET_NAME)";
				STRING_CATALOG_GENERATE_SYMBOLS = NO;
				SWIFT_APPROACHABLE_CONCURRENCY = YES;
				SWIFT_EMIT_LOC_STRINGS = NO;
				SWIFT_UPCOMING_FEATURE_MEMBER_IMPORT_VISIBILITY = YES;
				SWIFT_VERSION = 5.0;
				TEST_TARGET_NAME = SpaceRocks;
			};
			name = Debug;
		};
		59F548172F69E8FC004EF527 /* Release */ = {
			isa = XCBuildConfiguration;
			buildSettings = {
				CODE_SIGN_STYLE = Automatic;
				CURRENT_PROJECT_VERSION = 1;
				GENERATE_INFOPLIST_FILE = YES;
				MARKETING_VERSION = 1.0;
				PRODUCT_BUNDLE_IDENTIFIER = com.kdekorte.SpaceRocksUITests;
				PRODUCT_NAME = "$(TARGET_NAME)";
				STRING_CATALOG_GENERATE_SYMBOLS = NO;
				SWIFT_APPROACHABLE_CONCURRENCY = YES;
				SWIFT_EMIT_LOC_STRINGS = NO;
				SWIFT_UPCOMING_FEATURE_MEMBER_IMPORT_VISIBILITY = YES;
				SWIFT_VERSION = 5.0;
				TEST_TARGET_NAME = SpaceRocks;
			};
			name = Release;
		};
/* End XCBuildConfiguration section */

/* Begin XCConfigurationList section */
		59F547E02F69E8FB004EF527 /* Build configuration list for PBXProject "SpaceRocks" */ = {
			isa = XCConfigurationList;
			buildConfigurations = (
				59F5480D2F69E8FC004EF527 /* Debug */,
				59F5480E2F69E8FC004EF527 /* Release */,
			);
			defaultConfigurationIsVisible = 0;
			defaultConfigurationName = Release;
		};
		59F5480F2F69E8FC004EF527 /* Build configuration list for PBXNativeTarget "SpaceRocks" */ = {
			isa = XCConfigurationList;
			buildConfigurations = (
				59F548102F69E8FC004EF527 /* Debug */,
				59F548112F69E8FC004EF527 /* Release */,
			);
			defaultConfigurationIsVisible = 0;
			defaultConfigurationName = Release;
		};
		59F548122F69E8FC004EF527 /* Build configuration list for PBXNativeTarget "SpaceRocksTests" */ = {
			isa = XCConfigurationList;
			buildConfigurations = (
				59F548132F69E8FC004EF527 /* Debug */,
				59F548142F69E8FC004EF527 /* Release */,
			);
			defaultConfigurationIsVisible = 0;
			defaultConfigurationName = Release;
		};
		59F548152F69E8FC004EF527 /* Build configuration list for PBXNativeTarget "SpaceRocksUITests" */ = {
			isa = XCConfigurationList;
			buildConfigurations = (
				59F548162F69E8FC004EF527 /* Debug */,
				59F548172F69E8FC004EF527 /* Release */,
			);
			defaultConfigurationIsVisible = 0;
			defaultConfigurationName = Release;
		};
/* End XCConfigurationList section */
	};
	rootObject = 59F547DD2F69E8FB004EF527 /* Project object */;
}
